
Microsoft Visual Studio Solution File, Format Version 12.00
# Visual Studio Version 17
VisualStudioVersion = 17.5.002.0
MinimumVisualStudioVersion = 10.0.40219.1
Project("{9A19103F-16F7-4668-BE54-9A1E7A4F7556}") = "ConsoleApp2", "ConsoleApp2\ConsoleApp2.csproj", "{AFE912C0-1DA9-4156-9660-1E470DEC9A68}"
EndProject
Global
	GlobalSection(SolutionConfigurationPlatforms) = preSolution
		Debug|Any CPU = Debug|Any CPU
		Release|Any CPU = Release|Any CPU
	EndGlobalSection
	GlobalSection(ProjectConfigurationPlatforms) = postSolution
		{AFE912C0-1DA9-4156-9660-1E470DEC9A68}.Debug|Any CPU.ActiveCfg = Debug|Any CPU
		{AFE912C0-1DA9-4156-9660-1E470DEC9A68}.Debug|Any CPU.Build.0 = Debug|Any CPU
		{AFE912C0-1DA9-4156-9660-1E470DEC9A68}.Release|Any CPU.ActiveCfg = Release|Any CPU
		{AFE912C0-1DA9-4156-9660-1E470DEC9A68}.Release|Any CPU.Build.0 = Release|Any CPU
	EndGlobalSection
	GlobalSection(SolutionProperties) = preSolution
		HideSolutionNode = FALSE
	EndGlobalSection
	GlobalSection(ExtensibilityGlobals) = postSolution
		SolutionGuid = {3B9EA5D7-06F9-4B25-9480-6E2DE23934D8}
	EndGlobalSection
EndGlobal
